
Microsoft Visual Studio Solution File, Format Version 12.00
# Visual Studio Version 16
VisualStudioVersion = 16.0.32228.343
MinimumVisualStudioVersion = 10.0.40219.1
Project("{FAE04EC0-301F-11D3-BF4B-00C04F79EFBC}") = "Library", "Library.csproj", "{6BD3CE36-6A09-40A4-B8D8-53B309509965}"
EndProject
Global
	GlobalSection(SolutionConfigurationPlatforms) = preSolution
		Debug|Any CPU = Debug|Any CPU
		Release|Any CPU = Release|Any CPU
	EndGlobalSection
	GlobalSection(ProjectConfigurationPlatforms) = postSolution
		{6BD3CE36-6A09-40A4-B8D8-53B309509965}.Debug|Any CPU.ActiveCfg = Debug|Any CPU
		{6BD3CE36-6A09-40A4-B8D8-53B309509965}.Debug|Any CPU.Build.0 = Debug|Any CPU
		{6BD3CE36-6A09-40A4-B8D8-53B309509965}.Release|Any CPU.ActiveCfg = Release|Any CPU
		{6BD3CE36-6A09-40A4-B8D8-53B309509965}.Release|Any CPU.Build.0 = Release|Any CPU
	EndGlobalSection
	GlobalSection(SolutionProperties) = preSolution
		HideSolutionNode = FALSE
	EndGlobalSection
	GlobalSection(ExtensibilityGlobals) = postSolution
		SolutionGuid = {FC2B0AE6-9322-4ED9-AA5F-3D2D7403BB3B}
	EndGlobalSection
EndGlobal
